
Microsoft Visual Studio Solution File, Format Version 12.00
# Visual Studio Version 17
VisualStudioVersion = 17.7.34202.233
MinimumVisualStudioVersion = 10.0.40219.1
Project("{FAE04EC0-301F-11D3-BF4B-00C04F79EFBC}") = "Domain", "Domain\Domain.csproj", "{A74DD5EF-34A5-42C2-B999-6B6A162C3402}"
EndProject
Project("{FAE04EC0-301F-11D3-BF4B-00C04F79EFBC}") = "Infrastructure", "Infrastructure\Infrastructure.csproj", "{1FE09465-8EDC-4C05-AEFB-CF23E966B039}"
EndProject
Project("{FAE04EC0-301F-11D3-BF4B-00C04F79EFBC}") = "Application", "Application\Application.csproj", "{6E93660A-A52B-4C19-8460-C6F2EB0C89F1}"
EndProject
Project("{FAE04EC0-301F-11D3-BF4B-00C04F79EFBC}") = "API", "API\API.csproj", "{DCC95D39-C9C9-4CBA-B6C6-407481622E3A}"
EndProject
Global
	GlobalSection(SolutionConfigurationPlatforms) = preSolution
		Debug|Any CPU = Debug|Any CPU
		Release|Any CPU = Release|Any CPU
	EndGlobalSection
	GlobalSection(ProjectConfigurationPlatforms) = postSolution
		{A74DD5EF-34A5-42C2-B999-6B6A162C3402}.Debug|Any CPU.ActiveCfg = Debug|Any CPU
		{A74DD5EF-34A5-42C2-B999-6B6A162C3402}.Debug|Any CPU.Build.0 = Debug|Any CPU
		{A74DD5EF-34A5-42C2-B999-6B6A162C3402}.Release|Any CPU.ActiveCfg = Release|Any CPU
		{A74DD5EF-34A5-42C2-B999-6B6A162C3402}.Release|Any CPU.Build.0 = Release|Any CPU
		{1FE09465-8EDC-4C05-AEFB-CF23E966B039}.Debug|Any CPU.ActiveCfg = Debug|Any CPU
		{1FE09465-8EDC-4C05-AEFB-CF23E966B039}.Debug|Any CPU.Build.0 = Debug|Any CPU
		{1FE09465-8EDC-4C05-AEFB-CF23E966B039}.Release|Any CPU.ActiveCfg = Release|Any CPU
		{1FE09465-8EDC-4C05-AEFB-CF23E966B039}.Release|Any CPU.Build.0 = Release|Any CPU
		{6E93660A-A52B-4C19-8460-C6F2EB0C89F1}.Debug|Any CPU.ActiveCfg = Debug|Any CPU
		{6E93660A-A52B-4C19-8460-C6F2EB0C89F1}.Debug|Any CPU.Build.0 = Debug|Any CPU
		{6E93660A-A52B-4C19-8460-C6F2EB0C89F1}.Release|Any CPU.ActiveCfg = Release|Any CPU
		{6E93660A-A52B-4C19-8460-C6F2EB0C89F1}.Release|Any CPU.Build.0 = Release|Any CPU
		{DCC95D39-C9C9-4CBA-B6C6-407481622E3A}.Debug|Any CPU.ActiveCfg = Debug|Any CPU
		{DCC95D39-C9C9-4CBA-B6C6-407481622E3A}.Debug|Any CPU.Build.0 = Debug|Any CPU
		{DCC95D39-C9C9-4CBA-B6C6-407481622E3A}.Release|Any CPU.ActiveCfg = Release|Any CPU
		{DCC95D39-C9C9-4CBA-B6C6-407481622E3A}.Release|Any CPU.Build.0 = Release|Any CPU
	EndGlobalSection
	GlobalSection(SolutionProperties) = preSolution
		HideSolutionNode = FALSE
	EndGlobalSection
	GlobalSection(ExtensibilityGlobals) = postSolution
		SolutionGuid = {5F743CA6-F371-4AA6-8DDC-71D5E2F6D600}
	EndGlobalSection
EndGlobal
